
Microsoft Visual Studio Solution File, Format Version 12.00
# Visual Studio 15
VisualStudioVersion = 15.0.27703.2026
MinimumVisualStudioVersion = 10.0.40219.1
Project("{2150E333-8FDC-42A3-9474-1A3956D46DE8}") = "Solution Items", "Solution Items", "{8EF1051C-B588-4345-8194-D8789F003E48}"
	ProjectSection(SolutionItems) = preProject
		07. Dictionaries-Lambda-LINQ-Exercises.docx = 07. Dictionaries-Lambda-LINQ-Exercises.docx
	EndProjectSection
EndProject
Project("{FAE04EC0-301F-11D3-BF4B-00C04F79EFBC}") = "01.Phonebook", "01.Phonebook\01.Phonebook.csproj", "{C2D4E2EE-7F69-45AB-B106-2B453CE167F3}"
EndProject
Project("{FAE04EC0-301F-11D3-BF4B-00C04F79EFBC}") = "02.PhonebookUpgrade", "02.PhonebookUpgrade\02.PhonebookUpgrade.csproj", "{FD4A0754-3C5F-4C02-9E65-CEFCE916435D}"
EndProject
Project("{FAE04EC0-301F-11D3-BF4B-00C04F79EFBC}") = "03.AMinerTask", "03.AMinerTask\03.AMinerTask.csproj", "{1463C908-A19F-4E66-B231-D5D73A9262CB}"
EndProject
Project("{FAE04EC0-301F-11D3-BF4B-00C04F79EFBC}") = "04.FixEmails", "04.FixEmails\04.FixEmails.csproj", "{71D13DB6-1351-446A-AF32-3DB46F85DF9F}"
EndProject
Project("{FAE04EC0-301F-11D3-BF4B-00C04F79EFBC}") = "05.HandsOfCards", "05.HandsOfCards\05.HandsOfCards.csproj", "{B42616FF-AAC9-48E6-AA09-4695AA603F2D}"
EndProject
Project("{FAE04EC0-301F-11D3-BF4B-00C04F79EFBC}") = "06.UserLogs", "06.UserLogs\06.UserLogs.csproj", "{23D1ED1E-8FA3-4473-BE14-9FE1E5EBFF1D}"
EndProject
Project("{FAE04EC0-301F-11D3-BF4B-00C04F79EFBC}") = "07.PopulationCounter", "07.PopulationCounter\07.PopulationCounter.csproj", "{16C3E1E3-41BC-4606-B0BB-C2D3091DC0E4}"
EndProject
Project("{FAE04EC0-301F-11D3-BF4B-00C04F79EFBC}") = "08.LogsAggregator", "08.LogsAggregator\08.LogsAggregator.csproj", "{653D622D-EA3A-46BC-92CD-2762164F898D}"
EndProject
Project("{FAE04EC0-301F-11D3-BF4B-00C04F79EFBC}") = "09.LegendaryFarming", "09.LegendaryFarming\09.LegendaryFarming.csproj", "{2DF2C79A-583A-466B-9EB1-985D955B5C6E}"
EndProject
Project("{FAE04EC0-301F-11D3-BF4B-00C04F79EFBC}") = "10.SerbianUnleashed", "10.SerbianUnleashed\10.SerbianUnleashed.csproj", "{D3692A92-6206-4024-BF32-40478FCC241B}"
EndProject
Project("{FAE04EC0-301F-11D3-BF4B-00C04F79EFBC}") = "11.DragonArmy", "11.DragonArmy\11.DragonArmy.csproj", "{BC630E5F-C636-4FC1-A45D-3A8665EDCADC}"
EndProject
Global
	GlobalSection(SolutionConfigurationPlatforms) = preSolution
		Debug|Any CPU = Debug|Any CPU
		Release|Any CPU = Release|Any CPU
	EndGlobalSection
	GlobalSection(ProjectConfigurationPlatforms) = postSolution
		{C2D4E2EE-7F69-45AB-B106-2B453CE167F3}.Debug|Any CPU.ActiveCfg = Debug|Any CPU
		{C2D4E2EE-7F69-45AB-B106-2B453CE167F3}.Debug|Any CPU.Build.0 = Debug|Any CPU
		{C2D4E2EE-7F69-45AB-B106-2B453CE167F3}.Release|Any CPU.ActiveCfg = Release|Any CPU
		{C2D4E2EE-7F69-45AB-B106-2B453CE167F3}.Release|Any CPU.Build.0 = Release|Any CPU
		{FD4A0754-3C5F-4C02-9E65-CEFCE916435D}.Debug|Any CPU.ActiveCfg = Debug|Any CPU
		{FD4A0754-3C5F-4C02-9E65-CEFCE916435D}.Debug|Any CPU.Build.0 = Debug|Any CPU
		{FD4A0754-3C5F-4C02-9E65-CEFCE916435D}.Release|Any CPU.ActiveCfg = Release|Any CPU
		{FD4A0754-3C5F-4C02-9E65-CEFCE916435D}.Release|Any CPU.Build.0 = Release|Any CPU
		{1463C908-A19F-4E66-B231-D5D73A9262CB}.Debug|Any CPU.ActiveCfg = Debug|Any CPU
		{1463C908-A19F-4E66-B231-D5D73A9262CB}.Debug|Any CPU.Build.0 = Debug|Any CPU
		{1463C908-A19F-4E66-B231-D5D73A9262CB}.Release|Any CPU.ActiveCfg = Release|Any CPU
		{1463C908-A19F-4E66-B231-D5D73A9262CB}.Release|Any CPU.Build.0 = Release|Any CPU
		{71D13DB6-1351-446A-AF32-3DB46F85DF9F}.Debug|Any CPU.ActiveCfg = Debug|Any CPU
		{71D13DB6-1351-446A-AF32-3DB46F85DF9F}.Debug|Any CPU.Build.0 = Debug|Any CPU
		{71D13DB6-1351-446A-AF32-3DB46F85DF9F}.Release|Any CPU.ActiveCfg = Release|Any CPU
		{71D13DB6-1351-446A-AF32-3DB46F85DF9F}.Release|Any CPU.Build.0 = Release|Any CPU
		{B42616FF-AAC9-48E6-AA09-4695AA603F2D}.Debug|Any CPU.ActiveCfg = Debug|Any CPU
		{B42616FF-AAC9-48E6-AA09-4695AA603F2D}.Debug|Any CPU.Build.0 = Debug|Any CPU
		{B42616FF-AAC9-48E6-AA09-4695AA603F2D}.Release|Any CPU.ActiveCfg = Release|Any CPU
		{B42616FF-AAC9-48E6-AA09-4695AA603F2D}.Release|Any CPU.Build.0 = Release|Any CPU
		{23D1ED1E-8FA3-4473-BE14-9FE1E5EBFF1D}.Debug|Any CPU.ActiveCfg = Debug|Any CPU
		{23D1ED1E-8FA3-4473-BE14-9FE1E5EBFF1D}.Debug|Any CPU.Build.0 = Debug|Any CPU
		{23D1ED1E-8FA3-4473-BE14-9FE1E5EBFF1D}.Release|Any CPU.ActiveCfg = Release|Any CPU
		{23D1ED1E-8FA3-4473-BE14-9FE1E5EBFF1D}.Release|Any CPU.Build.0 = Release|Any CPU
		{16C3E1E3-41BC-4606-B0BB-C2D3091DC0E4}.Debug|Any CPU.ActiveCfg = Debug|Any CPU
		{16C3E1E3-41BC-4606-B0BB-C2D3091DC0E4}.Debug|Any CPU.Build.0 = Debug|Any CPU
		{16C3E1E3-41BC-4606-B0BB-C2D3091DC0E4}.Release|Any CPU.ActiveCfg = Release|Any CPU
		{16C3E1E3-41BC-4606-B0BB-C2D3091DC0E4}.Release|Any CPU.Build.0 = Release|Any CPU
		{653D622D-EA3A-46BC-92CD-2762164F898D}.Debug|Any CPU.ActiveCfg = Debug|Any CPU
		{653D622D-EA3A-46BC-92CD-2762164F898D}.Debug|Any CPU.Build.0 = Debug|Any CPU
		{653D622D-EA3A-46BC-92CD-2762164F898D}.Release|Any CPU.ActiveCfg = Release|Any CPU
		{653D622D-EA3A-46BC-92CD-2762164F898D}.Release|Any CPU.Build.0 = Release|Any CPU
		{2DF2C79A-583A-466B-9EB1-985D955B5C6E}.Debug|Any CPU.ActiveCfg = Debug|Any CPU
		{2DF2C79A-583A-466B-9EB1-985D955B5C6E}.Debug|Any CPU.Build.0 = Debug|Any CPU
		{2DF2C79A-583A-466B-9EB1-985D955B5C6E}.Release|Any CPU.ActiveCfg = Release|Any CPU
		{2DF2C79A-583A-466B-9EB1-985D955B5C6E}.Release|Any CPU.Build.0 = Release|Any CPU
		{D3692A92-6206-4024-BF32-40478FCC241B}.Debug|Any CPU.ActiveCfg = Debug|Any CPU
		{D3692A92-6206-4024-BF32-40478FCC241B}.Debug|Any CPU.Build.0 = Debug|Any CPU
		{D3692A92-6206-4024-BF32-40478FCC241B}.Release|Any CPU.ActiveCfg = Release|Any CPU
		{D3692A92-6206-4024-BF32-40478FCC241B}.Release|Any CPU.Build.0 = Release|Any CPU
		{BC630E5F-C636-4FC1-A45D-3A8665EDCADC}.Debug|Any CPU.ActiveCfg = Debug|Any CPU
		{BC630E5F-C636-4FC1-A45D-3A8665EDCADC}.Debug|Any CPU.Build.0 = Debug|Any CPU
		{BC630E5F-C636-4FC1-A45D-3A8665EDCADC}.Release|Any CPU.ActiveCfg = Release|Any CPU
		{BC630E5F-C636-4FC1-A45D-3A8665EDCADC}.Release|Any CPU.Build.0 = Release|Any CPU
	EndGlobalSection
	GlobalSection(SolutionProperties) = preSolution
		HideSolutionNode = FALSE
	EndGlobalSection
	GlobalSection(ExtensibilityGlobals) = postSolution
		SolutionGuid = {74E3968B-4E87-42D2-8C69-03CBC35334AD}
	EndGlobalSection
EndGlobal
