
Microsoft Visual Studio Solution File, Format Version 12.00
# Visual Studio 15
VisualStudioVersion = 15.0.28010.2026
MinimumVisualStudioVersion = 10.0.40219.1
Project("{FAE04EC0-301F-11D3-BF4B-00C04F79EFBC}") = "01.ReverseNumbers", "01.ReverseNumbers\01.ReverseNumbers.csproj", "{1FAD1FE0-5649-448D-BBDB-E41C40885B23}"
EndProject
Project("{FAE04EC0-301F-11D3-BF4B-00C04F79EFBC}") = "02.BasicStackOperations", "02.BasicStackOperations\02.BasicStackOperations.csproj", "{622EB1EE-FBDF-441C-9A48-9E056B217B96}"
EndProject
Project("{FAE04EC0-301F-11D3-BF4B-00C04F79EFBC}") = "03.MaximumElement", "03.MaximumElement\03.MaximumElement.csproj", "{BA8097E9-701D-463F-8AAF-BE82E94D23FD}"
EndProject
Project("{FAE04EC0-301F-11D3-BF4B-00C04F79EFBC}") = "04.BasicQueueOperations", "04.BasicQueueOperations\04.BasicQueueOperations.csproj", "{0BF479EA-663C-432C-BA33-34F4A7660371}"
EndProject
Project("{FAE04EC0-301F-11D3-BF4B-00C04F79EFBC}") = "05.SequenceWithQueue", "05.SequenceWithQueue\05.SequenceWithQueue.csproj", "{BC312DE4-85A9-4940-BD01-404F21194A45}"
EndProject
Project("{FAE04EC0-301F-11D3-BF4B-00C04F79EFBC}") = "06.TruckTour", "06.TruckTour\06.TruckTour.csproj", "{17D0ED65-5E3F-48C5-A98B-2AC512940E87}"
EndProject
Project("{FAE04EC0-301F-11D3-BF4B-00C04F79EFBC}") = "07.BalancedParenthesis", "07.BalancedParenthesis\07.BalancedParenthesis.csproj", "{5EF4218A-91FC-48E6-A189-E7A48F6D8744}"
EndProject
Project("{FAE04EC0-301F-11D3-BF4B-00C04F79EFBC}") = "08.StackFibonacci", "08.StackFibonacci\08.StackFibonacci.csproj", "{E24F8F8A-46DB-4A33-AF81-40C04F2CCAF8}"
EndProject
Project("{FAE04EC0-301F-11D3-BF4B-00C04F79EFBC}") = "09.SimpleTextEditor", "09.SimpleTextEditor\09.SimpleTextEditor.csproj", "{CB26B8F9-F24E-41F0-838E-2989B3A339F8}"
EndProject
Project("{FAE04EC0-301F-11D3-BF4B-00C04F79EFBC}") = "10.PoisonousPlants", "10.PoisonousPlants\10.PoisonousPlants.csproj", "{EBBBA7EB-1968-4678-88D0-11C744D1B610}"
EndProject
Global
	GlobalSection(SolutionConfigurationPlatforms) = preSolution
		Debug|Any CPU = Debug|Any CPU
		Release|Any CPU = Release|Any CPU
	EndGlobalSection
	GlobalSection(ProjectConfigurationPlatforms) = postSolution
		{1FAD1FE0-5649-448D-BBDB-E41C40885B23}.Debug|Any CPU.ActiveCfg = Debug|Any CPU
		{1FAD1FE0-5649-448D-BBDB-E41C40885B23}.Debug|Any CPU.Build.0 = Debug|Any CPU
		{1FAD1FE0-5649-448D-BBDB-E41C40885B23}.Release|Any CPU.ActiveCfg = Release|Any CPU
		{1FAD1FE0-5649-448D-BBDB-E41C40885B23}.Release|Any CPU.Build.0 = Release|Any CPU
		{622EB1EE-FBDF-441C-9A48-9E056B217B96}.Debug|Any CPU.ActiveCfg = Debug|Any CPU
		{622EB1EE-FBDF-441C-9A48-9E056B217B96}.Debug|Any CPU.Build.0 = Debug|Any CPU
		{622EB1EE-FBDF-441C-9A48-9E056B217B96}.Release|Any CPU.ActiveCfg = Release|Any CPU
		{622EB1EE-FBDF-441C-9A48-9E056B217B96}.Release|Any CPU.Build.0 = Release|Any CPU
		{BA8097E9-701D-463F-8AAF-BE82E94D23FD}.Debug|Any CPU.ActiveCfg = Debug|Any CPU
		{BA8097E9-701D-463F-8AAF-BE82E94D23FD}.Debug|Any CPU.Build.0 = Debug|Any CPU
		{BA8097E9-701D-463F-8AAF-BE82E94D23FD}.Release|Any CPU.ActiveCfg = Release|Any CPU
		{BA8097E9-701D-463F-8AAF-BE82E94D23FD}.Release|Any CPU.Build.0 = Release|Any CPU
		{0BF479EA-663C-432C-BA33-34F4A7660371}.Debug|Any CPU.ActiveCfg = Debug|Any CPU
		{0BF479EA-663C-432C-BA33-34F4A7660371}.Debug|Any CPU.Build.0 = Debug|Any CPU
		{0BF479EA-663C-432C-BA33-34F4A7660371}.Release|Any CPU.ActiveCfg = Release|Any CPU
		{0BF479EA-663C-432C-BA33-34F4A7660371}.Release|Any CPU.Build.0 = Release|Any CPU
		{BC312DE4-85A9-4940-BD01-404F21194A45}.Debug|Any CPU.ActiveCfg = Debug|Any CPU
		{BC312DE4-85A9-4940-BD01-404F21194A45}.Debug|Any CPU.Build.0 = Debug|Any CPU
		{BC312DE4-85A9-4940-BD01-404F21194A45}.Release|Any CPU.ActiveCfg = Release|Any CPU
		{BC312DE4-85A9-4940-BD01-404F21194A45}.Release|Any CPU.Build.0 = Release|Any CPU
		{17D0ED65-5E3F-48C5-A98B-2AC512940E87}.Debug|Any CPU.ActiveCfg = Debug|Any CPU
		{17D0ED65-5E3F-48C5-A98B-2AC512940E87}.Debug|Any CPU.Build.0 = Debug|Any CPU
		{17D0ED65-5E3F-48C5-A98B-2AC512940E87}.Release|Any CPU.ActiveCfg = Release|Any CPU
		{17D0ED65-5E3F-48C5-A98B-2AC512940E87}.Release|Any CPU.Build.0 = Release|Any CPU
		{5EF4218A-91FC-48E6-A189-E7A48F6D8744}.Debug|Any CPU.ActiveCfg = Debug|Any CPU
		{5EF4218A-91FC-48E6-A189-E7A48F6D8744}.Debug|Any CPU.Build.0 = Debug|Any CPU
		{5EF4218A-91FC-48E6-A189-E7A48F6D8744}.Release|Any CPU.ActiveCfg = Release|Any CPU
		{5EF4218A-91FC-48E6-A189-E7A48F6D8744}.Release|Any CPU.Build.0 = Release|Any CPU
		{E24F8F8A-46DB-4A33-AF81-40C04F2CCAF8}.Debug|Any CPU.ActiveCfg = Debug|Any CPU
		{E24F8F8A-46DB-4A33-AF81-40C04F2CCAF8}.Debug|Any CPU.Build.0 = Debug|Any CPU
		{E24F8F8A-46DB-4A33-AF81-40C04F2CCAF8}.Release|Any CPU.ActiveCfg = Release|Any CPU
		{E24F8F8A-46DB-4A33-AF81-40C04F2CCAF8}.Release|Any CPU.Build.0 = Release|Any CPU
		{CB26B8F9-F24E-41F0-838E-2989B3A339F8}.Debug|Any CPU.ActiveCfg = Debug|Any CPU
		{CB26B8F9-F24E-41F0-838E-2989B3A339F8}.Debug|Any CPU.Build.0 = Debug|Any CPU
		{CB26B8F9-F24E-41F0-838E-2989B3A339F8}.Release|Any CPU.ActiveCfg = Release|Any CPU
		{CB26B8F9-F24E-41F0-838E-2989B3A339F8}.Release|Any CPU.Build.0 = Release|Any CPU
		{EBBBA7EB-1968-4678-88D0-11C744D1B610}.Debug|Any CPU.ActiveCfg = Debug|Any CPU
		{EBBBA7EB-1968-4678-88D0-11C744D1B610}.Debug|Any CPU.Build.0 = Debug|Any CPU
		{EBBBA7EB-1968-4678-88D0-11C744D1B610}.Release|Any CPU.ActiveCfg = Release|Any CPU
		{EBBBA7EB-1968-4678-88D0-11C744D1B610}.Release|Any CPU.Build.0 = Release|Any CPU
	EndGlobalSection
	GlobalSection(SolutionProperties) = preSolution
		HideSolutionNode = FALSE
	EndGlobalSection
	GlobalSection(ExtensibilityGlobals) = postSolution
		SolutionGuid = {9D760303-6150-4851-B3D5-ADBEAF6220C8}
	EndGlobalSection
EndGlobal
