
Microsoft Visual Studio Solution File, Format Version 12.00
# Visual Studio 15
VisualStudioVersion = 15.0.27428.2015
MinimumVisualStudioVersion = 10.0.40219.1
Project("{9A19103F-16F7-4668-BE54-9A1E7A4F7556}") = "Problem01.X", "Problem1.X\Problem01.X.csproj", "{6EF0CEC6-E91C-48A7-BBAB-9CE67BCED35C}"
EndProject
Project("{9A19103F-16F7-4668-BE54-9A1E7A4F7556}") = "Problem02.VaporStore", "Problem02.VaporStore\Problem02.VaporStore.csproj", "{20C8FC7B-CEAE-440F-8862-B989221FAEA2}"
EndProject
Project("{9A19103F-16F7-4668-BE54-9A1E7A4F7556}") = "Problem03.Megapixels", "Problem03.Megapixels\Problem03.Megapixels.csproj", "{2677CF57-20D7-4A33-AFBC-17958301DD23}"
EndProject
Project("{9A19103F-16F7-4668-BE54-9A1E7A4F7556}") = "Problem04.PhotoGallery", "Problem04.PhotoGallery\Problem04.PhotoGallery.csproj", "{3D567FFE-1933-43CD-A08F-029DA6BB8DFE}"
EndProject
Project("{9A19103F-16F7-4668-BE54-9A1E7A4F7556}") = "Problem05.BPMCounter", "Problem05.BPMCounter\Problem05.BPMCounter.csproj", "{2DD48235-8A9A-4DA5-9FB5-F1546C18CBB9}"
EndProject
Project("{9A19103F-16F7-4668-BE54-9A1E7A4F7556}") = "Problem06.DNASequences", "Problem06.DNASequences\Problem06.DNASequences.csproj", "{4ADE8988-04E1-4035-832B-56836C9E98C9}"
EndProject
Project("{9A19103F-16F7-4668-BE54-9A1E7A4F7556}") = "Problem07.TrainingHallEquipment", "Problem07.TrainingHallEquipment\Problem07.TrainingHallEquipment.csproj", "{4435307A-CA25-48A1-94CD-F92B4532F7BA}"
EndProject
Project("{9A19103F-16F7-4668-BE54-9A1E7A4F7556}") = "Problem08.SMSTyping", "Problem08.SMSTyping\Problem08.SMSTyping.csproj", "{BF62AE13-6ED7-4AD4-9D32-17761DBFD5F5}"
EndProject
Project("{2150E333-8FDC-42A3-9474-1A3956D46DE8}") = "Solution Items", "Solution Items", "{A04B4EDB-AA63-4771-AFDE-1219E6DD0C92}"
	ProjectSection(SolutionItems) = preProject
		02. Programming-Fundamentals-CSharp-Basics-More-Exercises.docx = 02. Programming-Fundamentals-CSharp-Basics-More-Exercises.docx
	EndProjectSection
EndProject
Global
	GlobalSection(SolutionConfigurationPlatforms) = preSolution
		Debug|Any CPU = Debug|Any CPU
		Release|Any CPU = Release|Any CPU
	EndGlobalSection
	GlobalSection(ProjectConfigurationPlatforms) = postSolution
		{6EF0CEC6-E91C-48A7-BBAB-9CE67BCED35C}.Debug|Any CPU.ActiveCfg = Debug|Any CPU
		{6EF0CEC6-E91C-48A7-BBAB-9CE67BCED35C}.Debug|Any CPU.Build.0 = Debug|Any CPU
		{6EF0CEC6-E91C-48A7-BBAB-9CE67BCED35C}.Release|Any CPU.ActiveCfg = Release|Any CPU
		{6EF0CEC6-E91C-48A7-BBAB-9CE67BCED35C}.Release|Any CPU.Build.0 = Release|Any CPU
		{20C8FC7B-CEAE-440F-8862-B989221FAEA2}.Debug|Any CPU.ActiveCfg = Debug|Any CPU
		{20C8FC7B-CEAE-440F-8862-B989221FAEA2}.Debug|Any CPU.Build.0 = Debug|Any CPU
		{20C8FC7B-CEAE-440F-8862-B989221FAEA2}.Release|Any CPU.ActiveCfg = Release|Any CPU
		{20C8FC7B-CEAE-440F-8862-B989221FAEA2}.Release|Any CPU.Build.0 = Release|Any CPU
		{2677CF57-20D7-4A33-AFBC-17958301DD23}.Debug|Any CPU.ActiveCfg = Debug|Any CPU
		{2677CF57-20D7-4A33-AFBC-17958301DD23}.Debug|Any CPU.Build.0 = Debug|Any CPU
		{2677CF57-20D7-4A33-AFBC-17958301DD23}.Release|Any CPU.ActiveCfg = Release|Any CPU
		{2677CF57-20D7-4A33-AFBC-17958301DD23}.Release|Any CPU.Build.0 = Release|Any CPU
		{3D567FFE-1933-43CD-A08F-029DA6BB8DFE}.Debug|Any CPU.ActiveCfg = Debug|Any CPU
		{3D567FFE-1933-43CD-A08F-029DA6BB8DFE}.Debug|Any CPU.Build.0 = Debug|Any CPU
		{3D567FFE-1933-43CD-A08F-029DA6BB8DFE}.Release|Any CPU.ActiveCfg = Release|Any CPU
		{3D567FFE-1933-43CD-A08F-029DA6BB8DFE}.Release|Any CPU.Build.0 = Release|Any CPU
		{2DD48235-8A9A-4DA5-9FB5-F1546C18CBB9}.Debug|Any CPU.ActiveCfg = Debug|Any CPU
		{2DD48235-8A9A-4DA5-9FB5-F1546C18CBB9}.Debug|Any CPU.Build.0 = Debug|Any CPU
		{2DD48235-8A9A-4DA5-9FB5-F1546C18CBB9}.Release|Any CPU.ActiveCfg = Release|Any CPU
		{2DD48235-8A9A-4DA5-9FB5-F1546C18CBB9}.Release|Any CPU.Build.0 = Release|Any CPU
		{4ADE8988-04E1-4035-832B-56836C9E98C9}.Debug|Any CPU.ActiveCfg = Debug|Any CPU
		{4ADE8988-04E1-4035-832B-56836C9E98C9}.Debug|Any CPU.Build.0 = Debug|Any CPU
		{4ADE8988-04E1-4035-832B-56836C9E98C9}.Release|Any CPU.ActiveCfg = Release|Any CPU
		{4ADE8988-04E1-4035-832B-56836C9E98C9}.Release|Any CPU.Build.0 = Release|Any CPU
		{4435307A-CA25-48A1-94CD-F92B4532F7BA}.Debug|Any CPU.ActiveCfg = Debug|Any CPU
		{4435307A-CA25-48A1-94CD-F92B4532F7BA}.Debug|Any CPU.Build.0 = Debug|Any CPU
		{4435307A-CA25-48A1-94CD-F92B4532F7BA}.Release|Any CPU.ActiveCfg = Release|Any CPU
		{4435307A-CA25-48A1-94CD-F92B4532F7BA}.Release|Any CPU.Build.0 = Release|Any CPU
		{BF62AE13-6ED7-4AD4-9D32-17761DBFD5F5}.Debug|Any CPU.ActiveCfg = Debug|Any CPU
		{BF62AE13-6ED7-4AD4-9D32-17761DBFD5F5}.Debug|Any CPU.Build.0 = Debug|Any CPU
		{BF62AE13-6ED7-4AD4-9D32-17761DBFD5F5}.Release|Any CPU.ActiveCfg = Release|Any CPU
		{BF62AE13-6ED7-4AD4-9D32-17761DBFD5F5}.Release|Any CPU.Build.0 = Release|Any CPU
	EndGlobalSection
	GlobalSection(SolutionProperties) = preSolution
		HideSolutionNode = FALSE
	EndGlobalSection
	GlobalSection(ExtensibilityGlobals) = postSolution
		SolutionGuid = {DF2AA531-DA3C-490B-AF47-384A8E21B4C7}
	EndGlobalSection
EndGlobal
