
Microsoft Visual Studio Solution File, Format Version 12.00
# Visual Studio 15
VisualStudioVersion = 15.0.27703.2035
MinimumVisualStudioVersion = 10.0.40219.1
Project("{2150E333-8FDC-42A3-9474-1A3956D46DE8}") = "Solution Items", "Solution Items", "{E1DC0499-3460-49A2-92D3-5CB8AA4730F2}"
	ProjectSection(SolutionItems) = preProject
		08.Objects-and-Classes-Exercises.docx = 08.Objects-and-Classes-Exercises.docx
	EndProjectSection
EndProject
Project("{FAE04EC0-301F-11D3-BF4B-00C04F79EFBC}") = "01.CountWorkingDays", "01.CountWorkingDays\01.CountWorkingDays.csproj", "{A8ECEE68-2B32-4FDF-A289-6EE252CE260D}"
EndProject
Project("{FAE04EC0-301F-11D3-BF4B-00C04F79EFBC}") = "02.AdvertisementMessage", "02.AdvertisementMessage\02.AdvertisementMessage.csproj", "{C1E1EB9B-D09D-44F8-954E-D2104ACAEB7B}"
EndProject
Project("{FAE04EC0-301F-11D3-BF4B-00C04F79EFBC}") = "03.CirclesIntersection", "03.CirclesIntersection\03.CirclesIntersection.csproj", "{5D29A070-0365-43EE-9EFB-C2EC064F0FA0}"
EndProject
Project("{FAE04EC0-301F-11D3-BF4B-00C04F79EFBC}") = "04.AverageGrades", "04.AverageGrades\04.AverageGrades.csproj", "{BAAF5216-FB57-4ADE-BD9C-80B183A6E5E0}"
EndProject
Project("{FAE04EC0-301F-11D3-BF4B-00C04F79EFBC}") = "05.BookLibrary", "05.BookLibrary\05.BookLibrary.csproj", "{BAE913FE-A43D-433E-B079-9B65B30BCCD5}"
EndProject
Project("{FAE04EC0-301F-11D3-BF4B-00C04F79EFBC}") = "06.BookLibraryModification", "06.BookLibraryModification\06.BookLibraryModification.csproj", "{57482B4F-5D35-496B-8261-CB38EF262646}"
EndProject
Project("{FAE04EC0-301F-11D3-BF4B-00C04F79EFBC}") = "07.AndreyAndBilliard", "07.AndreyAndBilliard\07.AndreyAndBilliard.csproj", "{46D9A554-31F5-467A-92F2-71B4C7131969}"
EndProject
Project("{FAE04EC0-301F-11D3-BF4B-00C04F79EFBC}") = "08.MentorGroup", "08.MentorGroup\08.MentorGroup.csproj", "{CF74EBA2-2E96-4125-BD42-625256837E0F}"
EndProject
Project("{FAE04EC0-301F-11D3-BF4B-00C04F79EFBC}") = "09.TeamworkProjects", "09.TeamworkProjects\09.TeamworkProjects.csproj", "{B4396ACC-14C6-40B2-A2E9-C42AD4D5E195}"
EndProject
Project("{FAE04EC0-301F-11D3-BF4B-00C04F79EFBC}") = "10.StudentGroups", "10.StudentGroups\10.StudentGroups.csproj", "{22330050-ED88-4F4C-BCC4-0981037C9FDC}"
EndProject
Global
	GlobalSection(SolutionConfigurationPlatforms) = preSolution
		Debug|Any CPU = Debug|Any CPU
		Release|Any CPU = Release|Any CPU
	EndGlobalSection
	GlobalSection(ProjectConfigurationPlatforms) = postSolution
		{A8ECEE68-2B32-4FDF-A289-6EE252CE260D}.Debug|Any CPU.ActiveCfg = Debug|Any CPU
		{A8ECEE68-2B32-4FDF-A289-6EE252CE260D}.Debug|Any CPU.Build.0 = Debug|Any CPU
		{A8ECEE68-2B32-4FDF-A289-6EE252CE260D}.Release|Any CPU.ActiveCfg = Release|Any CPU
		{A8ECEE68-2B32-4FDF-A289-6EE252CE260D}.Release|Any CPU.Build.0 = Release|Any CPU
		{C1E1EB9B-D09D-44F8-954E-D2104ACAEB7B}.Debug|Any CPU.ActiveCfg = Debug|Any CPU
		{C1E1EB9B-D09D-44F8-954E-D2104ACAEB7B}.Debug|Any CPU.Build.0 = Debug|Any CPU
		{C1E1EB9B-D09D-44F8-954E-D2104ACAEB7B}.Release|Any CPU.ActiveCfg = Release|Any CPU
		{C1E1EB9B-D09D-44F8-954E-D2104ACAEB7B}.Release|Any CPU.Build.0 = Release|Any CPU
		{5D29A070-0365-43EE-9EFB-C2EC064F0FA0}.Debug|Any CPU.ActiveCfg = Debug|Any CPU
		{5D29A070-0365-43EE-9EFB-C2EC064F0FA0}.Debug|Any CPU.Build.0 = Debug|Any CPU
		{5D29A070-0365-43EE-9EFB-C2EC064F0FA0}.Release|Any CPU.ActiveCfg = Release|Any CPU
		{5D29A070-0365-43EE-9EFB-C2EC064F0FA0}.Release|Any CPU.Build.0 = Release|Any CPU
		{BAAF5216-FB57-4ADE-BD9C-80B183A6E5E0}.Debug|Any CPU.ActiveCfg = Debug|Any CPU
		{BAAF5216-FB57-4ADE-BD9C-80B183A6E5E0}.Debug|Any CPU.Build.0 = Debug|Any CPU
		{BAAF5216-FB57-4ADE-BD9C-80B183A6E5E0}.Release|Any CPU.ActiveCfg = Release|Any CPU
		{BAAF5216-FB57-4ADE-BD9C-80B183A6E5E0}.Release|Any CPU.Build.0 = Release|Any CPU
		{BAE913FE-A43D-433E-B079-9B65B30BCCD5}.Debug|Any CPU.ActiveCfg = Debug|Any CPU
		{BAE913FE-A43D-433E-B079-9B65B30BCCD5}.Debug|Any CPU.Build.0 = Debug|Any CPU
		{BAE913FE-A43D-433E-B079-9B65B30BCCD5}.Release|Any CPU.ActiveCfg = Release|Any CPU
		{BAE913FE-A43D-433E-B079-9B65B30BCCD5}.Release|Any CPU.Build.0 = Release|Any CPU
		{57482B4F-5D35-496B-8261-CB38EF262646}.Debug|Any CPU.ActiveCfg = Debug|Any CPU
		{57482B4F-5D35-496B-8261-CB38EF262646}.Debug|Any CPU.Build.0 = Debug|Any CPU
		{57482B4F-5D35-496B-8261-CB38EF262646}.Release|Any CPU.ActiveCfg = Release|Any CPU
		{57482B4F-5D35-496B-8261-CB38EF262646}.Release|Any CPU.Build.0 = Release|Any CPU
		{46D9A554-31F5-467A-92F2-71B4C7131969}.Debug|Any CPU.ActiveCfg = Debug|Any CPU
		{46D9A554-31F5-467A-92F2-71B4C7131969}.Debug|Any CPU.Build.0 = Debug|Any CPU
		{46D9A554-31F5-467A-92F2-71B4C7131969}.Release|Any CPU.ActiveCfg = Release|Any CPU
		{46D9A554-31F5-467A-92F2-71B4C7131969}.Release|Any CPU.Build.0 = Release|Any CPU
		{CF74EBA2-2E96-4125-BD42-625256837E0F}.Debug|Any CPU.ActiveCfg = Debug|Any CPU
		{CF74EBA2-2E96-4125-BD42-625256837E0F}.Debug|Any CPU.Build.0 = Debug|Any CPU
		{CF74EBA2-2E96-4125-BD42-625256837E0F}.Release|Any CPU.ActiveCfg = Release|Any CPU
		{CF74EBA2-2E96-4125-BD42-625256837E0F}.Release|Any CPU.Build.0 = Release|Any CPU
		{B4396ACC-14C6-40B2-A2E9-C42AD4D5E195}.Debug|Any CPU.ActiveCfg = Debug|Any CPU
		{B4396ACC-14C6-40B2-A2E9-C42AD4D5E195}.Debug|Any CPU.Build.0 = Debug|Any CPU
		{B4396ACC-14C6-40B2-A2E9-C42AD4D5E195}.Release|Any CPU.ActiveCfg = Release|Any CPU
		{B4396ACC-14C6-40B2-A2E9-C42AD4D5E195}.Release|Any CPU.Build.0 = Release|Any CPU
		{22330050-ED88-4F4C-BCC4-0981037C9FDC}.Debug|Any CPU.ActiveCfg = Debug|Any CPU
		{22330050-ED88-4F4C-BCC4-0981037C9FDC}.Debug|Any CPU.Build.0 = Debug|Any CPU
		{22330050-ED88-4F4C-BCC4-0981037C9FDC}.Release|Any CPU.ActiveCfg = Release|Any CPU
		{22330050-ED88-4F4C-BCC4-0981037C9FDC}.Release|Any CPU.Build.0 = Release|Any CPU
	EndGlobalSection
	GlobalSection(SolutionProperties) = preSolution
		HideSolutionNode = FALSE
	EndGlobalSection
	GlobalSection(ExtensibilityGlobals) = postSolution
		SolutionGuid = {A331D55D-6EAE-429E-9874-EAC0663EB216}
	EndGlobalSection
EndGlobal
