
Microsoft Visual Studio Solution File, Format Version 12.00
# Visual Studio 15
VisualStudioVersion = 15.0.28010.2036
MinimumVisualStudioVersion = 10.0.40219.1
Project("{9A19103F-16F7-4668-BE54-9A1E7A4F7556}") = "01.ClassBox", "01.ClassBox\01.ClassBox.csproj", "{77F1197A-71BD-4AE3-9FD5-625F3E2B4825}"
EndProject
Project("{9A19103F-16F7-4668-BE54-9A1E7A4F7556}") = "03.AnimalFarm", "03.AnimalFarm\03.AnimalFarm.csproj", "{18664710-9212-4589-B979-390005811CDD}"
EndProject
Project("{9A19103F-16F7-4668-BE54-9A1E7A4F7556}") = "04.ShoppingSpree", "04.ShoppingSpree\04.ShoppingSpree.csproj", "{3A3C3963-4979-4A1B-A5AB-80E7625587FE}"
EndProject
Project("{9A19103F-16F7-4668-BE54-9A1E7A4F7556}") = "05.PizzaCalories", "05.PizzaCalories\05.PizzaCalories.csproj", "{1F1835C0-0DB0-48EA-8394-068C06986A79}"
EndProject
Project("{9A19103F-16F7-4668-BE54-9A1E7A4F7556}") = "06.FootballTeamGenerator", "06.FootballTeamGenerator\06.FootballTeamGenerator.csproj", "{74EEE9A2-946E-41C2-86A0-6564B9F6CBFE}"
EndProject
Global
	GlobalSection(SolutionConfigurationPlatforms) = preSolution
		Debug|Any CPU = Debug|Any CPU
		Release|Any CPU = Release|Any CPU
	EndGlobalSection
	GlobalSection(ProjectConfigurationPlatforms) = postSolution
		{77F1197A-71BD-4AE3-9FD5-625F3E2B4825}.Debug|Any CPU.ActiveCfg = Debug|Any CPU
		{77F1197A-71BD-4AE3-9FD5-625F3E2B4825}.Debug|Any CPU.Build.0 = Debug|Any CPU
		{77F1197A-71BD-4AE3-9FD5-625F3E2B4825}.Release|Any CPU.ActiveCfg = Release|Any CPU
		{77F1197A-71BD-4AE3-9FD5-625F3E2B4825}.Release|Any CPU.Build.0 = Release|Any CPU
		{18664710-9212-4589-B979-390005811CDD}.Debug|Any CPU.ActiveCfg = Debug|Any CPU
		{18664710-9212-4589-B979-390005811CDD}.Debug|Any CPU.Build.0 = Debug|Any CPU
		{18664710-9212-4589-B979-390005811CDD}.Release|Any CPU.ActiveCfg = Release|Any CPU
		{18664710-9212-4589-B979-390005811CDD}.Release|Any CPU.Build.0 = Release|Any CPU
		{3A3C3963-4979-4A1B-A5AB-80E7625587FE}.Debug|Any CPU.ActiveCfg = Debug|Any CPU
		{3A3C3963-4979-4A1B-A5AB-80E7625587FE}.Debug|Any CPU.Build.0 = Debug|Any CPU
		{3A3C3963-4979-4A1B-A5AB-80E7625587FE}.Release|Any CPU.ActiveCfg = Release|Any CPU
		{3A3C3963-4979-4A1B-A5AB-80E7625587FE}.Release|Any CPU.Build.0 = Release|Any CPU
		{1F1835C0-0DB0-48EA-8394-068C06986A79}.Debug|Any CPU.ActiveCfg = Debug|Any CPU
		{1F1835C0-0DB0-48EA-8394-068C06986A79}.Debug|Any CPU.Build.0 = Debug|Any CPU
		{1F1835C0-0DB0-48EA-8394-068C06986A79}.Release|Any CPU.ActiveCfg = Release|Any CPU
		{1F1835C0-0DB0-48EA-8394-068C06986A79}.Release|Any CPU.Build.0 = Release|Any CPU
		{74EEE9A2-946E-41C2-86A0-6564B9F6CBFE}.Debug|Any CPU.ActiveCfg = Debug|Any CPU
		{74EEE9A2-946E-41C2-86A0-6564B9F6CBFE}.Debug|Any CPU.Build.0 = Debug|Any CPU
		{74EEE9A2-946E-41C2-86A0-6564B9F6CBFE}.Release|Any CPU.ActiveCfg = Release|Any CPU
		{74EEE9A2-946E-41C2-86A0-6564B9F6CBFE}.Release|Any CPU.Build.0 = Release|Any CPU
	EndGlobalSection
	GlobalSection(SolutionProperties) = preSolution
		HideSolutionNode = FALSE
	EndGlobalSection
	GlobalSection(ExtensibilityGlobals) = postSolution
		SolutionGuid = {868D187F-3708-481B-B627-CEBF739D05FB}
	EndGlobalSection
EndGlobal
